
Microsoft Visual Studio Solution File, Format Version 12.00
# Visual Studio Version 16
VisualStudioVersion = 16.0.29709.97
MinimumVisualStudioVersion = 10.0.40219.1
Project("{9A19103F-16F7-4668-BE54-9A1E7A4F7556}") = "CardGames.Blackjack", "CardGames.Blackjack\CardGames.Blackjack.csproj", "{346389CF-11AB-47B7-9D45-590F99826075}"
EndProject
Project("{9A19103F-16F7-4668-BE54-9A1E7A4F7556}") = "CardGames.Shared", "CardGames.Shared\CardGames.Shared.csproj", "{A083B4FE-6739-4BA7-9E2A-46912F72816B}"
EndProject
Project("{2150E333-8FDC-42A3-9474-1A3956D46DE8}") = "Solution Items", "Solution Items", "{AC9032ED-A071-43D3-ACED-450D9834955E}"
	ProjectSection(SolutionItems) = preProject
		.editorconfig = .editorconfig
		README.md = README.md
	EndProjectSection
EndProject
Project("{9A19103F-16F7-4668-BE54-9A1E7A4F7556}") = "CardGames.Shared.Tests", "CardGames.Shared.Tests\CardGames.Shared.Tests.csproj", "{967CE10B-15CC-4F1F-9663-39566EE97433}"
EndProject
Project("{FAE04EC0-301F-11D3-BF4B-00C04F79EFBC}") = "CardGames.Blackjack.ConsoleApplication", "CardGames.Blackjack.ConsoleApplication\CardGames.Blackjack.ConsoleApplication.csproj", "{B0EC5596-D8CF-4C90-896A-5A9FFD29F06C}"
EndProject
Global
	GlobalSection(SolutionConfigurationPlatforms) = preSolution
		Debug|Any CPU = Debug|Any CPU
		Release|Any CPU = Release|Any CPU
	EndGlobalSection
	GlobalSection(ProjectConfigurationPlatforms) = postSolution
		{346389CF-11AB-47B7-9D45-590F99826075}.Debug|Any CPU.ActiveCfg = Debug|Any CPU
		{346389CF-11AB-47B7-9D45-590F99826075}.Debug|Any CPU.Build.0 = Debug|Any CPU
		{346389CF-11AB-47B7-9D45-590F99826075}.Release|Any CPU.ActiveCfg = Release|Any CPU
		{346389CF-11AB-47B7-9D45-590F99826075}.Release|Any CPU.Build.0 = Release|Any CPU
		{A083B4FE-6739-4BA7-9E2A-46912F72816B}.Debug|Any CPU.ActiveCfg = Debug|Any CPU
		{A083B4FE-6739-4BA7-9E2A-46912F72816B}.Debug|Any CPU.Build.0 = Debug|Any CPU
		{A083B4FE-6739-4BA7-9E2A-46912F72816B}.Release|Any CPU.ActiveCfg = Release|Any CPU
		{A083B4FE-6739-4BA7-9E2A-46912F72816B}.Release|Any CPU.Build.0 = Release|Any CPU
		{967CE10B-15CC-4F1F-9663-39566EE97433}.Debug|Any CPU.ActiveCfg = Debug|Any CPU
		{967CE10B-15CC-4F1F-9663-39566EE97433}.Debug|Any CPU.Build.0 = Debug|Any CPU
		{967CE10B-15CC-4F1F-9663-39566EE97433}.Release|Any CPU.ActiveCfg = Release|Any CPU
		{967CE10B-15CC-4F1F-9663-39566EE97433}.Release|Any CPU.Build.0 = Release|Any CPU
		{B0EC5596-D8CF-4C90-896A-5A9FFD29F06C}.Debug|Any CPU.ActiveCfg = Debug|Any CPU
		{B0EC5596-D8CF-4C90-896A-5A9FFD29F06C}.Debug|Any CPU.Build.0 = Debug|Any CPU
		{B0EC5596-D8CF-4C90-896A-5A9FFD29F06C}.Release|Any CPU.ActiveCfg = Release|Any CPU
		{B0EC5596-D8CF-4C90-896A-5A9FFD29F06C}.Release|Any CPU.Build.0 = Release|Any CPU
	EndGlobalSection
	GlobalSection(SolutionProperties) = preSolution
		HideSolutionNode = FALSE
	EndGlobalSection
	GlobalSection(ExtensibilityGlobals) = postSolution
		SolutionGuid = {4DCE941B-89AB-4825-A55B-9B5A31967E56}
	EndGlobalSection
EndGlobal
